<Solution>
  <Folder Name="/Solution Items/">
    <File Path="ReadMe.md" />
  </Folder>
  <Project Path="Wordle.Console/Wordle.Console.csproj" />
  <Project Path="Wordle.Core.Tests/Wordle.Core.Tests.csproj" Id="2832116b-28e7-4b04-9b68-f0356287ce65" />
  <Project Path="Wordle.Core/Wordle.Core.csproj" />
</Solution>
